PODS:
  - SwiftKcp (0.1.3)
  - SwiftProtobuf (1.1.2)
  - SwiftSCNet (0.2.3):
    - SwiftKcp (~> 0.1.0)
    - SwiftProtobuf (~> 1.1.0)
    - SwiftSocket (~> 2.0.5)
  - SwiftSocket (2.0.5)

DEPENDENCIES:
  - SwiftSCNet (from `../`)

SPEC REPOS:
  https://github.com/Cocoapods/Specs.git:
    - SwiftProtobuf
  https://github.com/dinobei/Specs.git:
    - SwiftKcp
    - SwiftSocket

EXTERNAL SOURCES:
  SwiftSCNet:
    :path: "../"

SPEC CHECKSUMS:
  SwiftKcp: 7a21b5c3af0c4ab81f57b65f789ebae4abf2d10f
  SwiftProtobuf: 7147b8ec19c8c0694a45155d989ea9e6dedaf51f
  SwiftSCNet: f3627cfc22ab5c3b5586ef2164b1e401eb6e79df
  SwiftSocket: 15f2658d4b2754fe3795cd5824e561e8fdd0b231

PODFILE CHECKSUM: 4431c75dd022544728c2f2c1aefdd91e0fdac5a4

COCOAPODS: 1.8.4
