PODS:
  - SwiftKcp (0.1.1)
  - SwiftProtobuf (1.1.2)
  - SwiftSCNet (0.1.0):
    - SwiftKcp (~> 0.1.0)
    - SwiftProtobuf (~> 1.1.0)
    - SwiftSocket (~> 2.0.4)
  - SwiftSocket (2.0.4)

DEPENDENCIES:
  - SwiftSCNet (from `../`)

SPEC REPOS:
  https://github.com/cocoapods/specs.git:
    - SwiftProtobuf
  https://github.com/dinobei/Specs.git:
    - SwiftKcp
    - SwiftSocket

EXTERNAL SOURCES:
  SwiftSCNet:
    :path: "../"

SPEC CHECKSUMS:
  SwiftKcp: d482fdb9baf31f79cfc113d3d7b2c5fabb9ccddc
  SwiftProtobuf: 7147b8ec19c8c0694a45155d989ea9e6dedaf51f
  SwiftSCNet: 07eafbe6895f3d65bffcdf004bf284206c85af06
  SwiftSocket: dc6588f6acb9e510aa18b9606236403da4cf064e

PODFILE CHECKSUM: 4431c75dd022544728c2f2c1aefdd91e0fdac5a4

COCOAPODS: 1.6.1
